
Microsoft Visual Studio Solution File, Format Version 12.00
# Visual Studio Version 16
VisualStudioVersion = 16.0.30204.135
MinimumVisualStudioVersion = 10.0.40219.1
Project("{2150E333-8FDC-42A3-9474-1A3956D46DE8}") = "Services", "Services", "{29E13B01-6CD5-4FF0-8093-0061031E5D41}"
EndProject
Project("{2150E333-8FDC-42A3-9474-1A3956D46DE8}") = "src", "src", "{D62F7A82-6D1C-4FAD-83EA-7F5E3BF1813F}"
EndProject
Project("{2150E333-8FDC-42A3-9474-1A3956D46DE8}") = "Mobile Apps", "Mobile Apps", "{FF58367D-CF5D-4455-BBA2-123D4A2672C8}"
EndProject
Project("{2150E333-8FDC-42A3-9474-1A3956D46DE8}") = "Web Apps", "Web Apps", "{FDB9E267-87C3-4B0B-AED5-05788E2BDD4E}"
EndProject
Project("{2150E333-8FDC-42A3-9474-1A3956D46DE8}") = "ApiGateways", "ApiGateways", "{4444C2D0-6670-49CF-B077-481691631192}"
EndProject
Project("{2150E333-8FDC-42A3-9474-1A3956D46DE8}") = "tests", "tests", "{A10F50DD-0DDB-4208-A4D7-E5E44ED37633}"
EndProject
Project("{2150E333-8FDC-42A3-9474-1A3956D46DE8}") = "Identity", "Identity", "{41E9F819-4D07-4BD3-8BB5-97E3E0459B8D}"
EndProject
Project("{2150E333-8FDC-42A3-9474-1A3956D46DE8}") = "Catalog", "Catalog", "{7B915CBE-78E4-4DD7-BB90-B55AAEDF3D69}"
EndProject
Project("{2150E333-8FDC-42A3-9474-1A3956D46DE8}") = "Location", "Location", "{E940D074-023A-4E06-8FAE-AF861B07F3E9}"
EndProject
Project("{2150E333-8FDC-42A3-9474-1A3956D46DE8}") = "Payment", "Payment", "{89935A80-587C-40E1-9918-90AEF8EE5BE3}"
EndProject
Project("{2150E333-8FDC-42A3-9474-1A3956D46DE8}") = "Ordering", "Ordering", "{898868FF-EF32-439E-86D2-6C6B4BFCEDE1}"
EndProject
Project("{2150E333-8FDC-42A3-9474-1A3956D46DE8}") = "Webhooks", "Webhooks", "{79E69388-E460-45C3-AECE-8318C1E6A21F}"
EndProject
Project("{2150E333-8FDC-42A3-9474-1A3956D46DE8}") = "Basket", "Basket", "{D2DB13BB-36C3-466D-A355-CAAAD7A58340}"
EndProject
Project("{2150E333-8FDC-42A3-9474-1A3956D46DE8}") = "Certificate", "Certificate", "{FE9E86C3-C1FA-46C0-857A-E52C0499E03D}"
EndProject
Project("{2150E333-8FDC-42A3-9474-1A3956D46DE8}") = "pfr-center-global", "pfr-center-global", "{8B7F9B2C-FBB0-4C44-8E5E-CE0969F4D6A7}"
EndProject
Project("{2150E333-8FDC-42A3-9474-1A3956D46DE8}") = "NewFolder1", "NewFolder1", "{71C57127-7B3C-4A3C-98A8-513B3999F021}"
EndProject
Global
	GlobalSection(SolutionProperties) = preSolution
		HideSolutionNode = FALSE
	EndGlobalSection
	GlobalSection(NestedProjects) = preSolution
		{29E13B01-6CD5-4FF0-8093-0061031E5D41} = {D62F7A82-6D1C-4FAD-83EA-7F5E3BF1813F}
		{FF58367D-CF5D-4455-BBA2-123D4A2672C8} = {D62F7A82-6D1C-4FAD-83EA-7F5E3BF1813F}
		{FDB9E267-87C3-4B0B-AED5-05788E2BDD4E} = {D62F7A82-6D1C-4FAD-83EA-7F5E3BF1813F}
		{4444C2D0-6670-49CF-B077-481691631192} = {D62F7A82-6D1C-4FAD-83EA-7F5E3BF1813F}
		{41E9F819-4D07-4BD3-8BB5-97E3E0459B8D} = {29E13B01-6CD5-4FF0-8093-0061031E5D41}
		{7B915CBE-78E4-4DD7-BB90-B55AAEDF3D69} = {29E13B01-6CD5-4FF0-8093-0061031E5D41}
		{E940D074-023A-4E06-8FAE-AF861B07F3E9} = {29E13B01-6CD5-4FF0-8093-0061031E5D41}
		{89935A80-587C-40E1-9918-90AEF8EE5BE3} = {29E13B01-6CD5-4FF0-8093-0061031E5D41}
		{898868FF-EF32-439E-86D2-6C6B4BFCEDE1} = {29E13B01-6CD5-4FF0-8093-0061031E5D41}
		{79E69388-E460-45C3-AECE-8318C1E6A21F} = {29E13B01-6CD5-4FF0-8093-0061031E5D41}
		{D2DB13BB-36C3-466D-A355-CAAAD7A58340} = {29E13B01-6CD5-4FF0-8093-0061031E5D41}
		{FE9E86C3-C1FA-46C0-857A-E52C0499E03D} = {29E13B01-6CD5-4FF0-8093-0061031E5D41}
		{8B7F9B2C-FBB0-4C44-8E5E-CE0969F4D6A7} = {FF58367D-CF5D-4455-BBA2-123D4A2672C8}
		{71C57127-7B3C-4A3C-98A8-513B3999F021} = {FF58367D-CF5D-4455-BBA2-123D4A2672C8}
	EndGlobalSection
	GlobalSection(ExtensibilityGlobals) = postSolution
		SolutionGuid = {0A9B668F-DFE4-48E5-8AD0-D7DE7F89EAA4}
	EndGlobalSection
EndGlobal
