
Microsoft Visual Studio Solution File, Format Version 12.00
# Visual Studio 15
Project("{FAE04EC0-301F-11D3-BF4B-00C04F79EFBC}") = "PFRCenterGlobal.Android", "PFRCenterGlobal.Android\PFRCenterGlobal.Android.csproj", "{0D0A7309-528B-4871-B116-99BEC27B3F78}"
EndProject
Project("{FAE04EC0-301F-11D3-BF4B-00C04F79EFBC}") = "PFRCenterGlobal.Core", "PFRCenterGlobal\PFRCenterGlobal.Core.csproj", "{7B5DFA60-F256-4DD1-AE7A-F89186576A0D}"
EndProject
Project("{2150E333-8FDC-42A3-9474-1A3956D46DE8}") = "Core", "Core", "{2AFACAAA-1B67-4953-A3E9-79597D4B64B3}"
EndProject
Project("{FAE04EC0-301F-11D3-BF4B-00C04F79EFBC}") = "PFRCenterGlobal.iOS", "PFRCenterGlobal.iOS\PFRCenterGlobal.iOS.csproj", "{EED57BA5-3910-4754-8FE5-26F4CFB347DA}"
EndProject
Global
	GlobalSection(SolutionConfigurationPlatforms) = preSolution
		Debug|Any CPU = Debug|Any CPU
		Release|Any CPU = Release|Any CPU
		Debug|iPhoneSimulator = Debug|iPhoneSimulator
		Release|iPhoneSimulator = Release|iPhoneSimulator
		Debug|iPhone = Debug|iPhone
		Release|iPhone = Release|iPhone
	EndGlobalSection
	GlobalSection(ProjectConfigurationPlatforms) = postSolution
		{0D0A7309-528B-4871-B116-99BEC27B3F78}.Debug|Any CPU.ActiveCfg = Debug|Any CPU
		{0D0A7309-528B-4871-B116-99BEC27B3F78}.Debug|Any CPU.Build.0 = Debug|Any CPU
		{0D0A7309-528B-4871-B116-99BEC27B3F78}.Release|Any CPU.ActiveCfg = Release|Any CPU
		{0D0A7309-528B-4871-B116-99BEC27B3F78}.Release|Any CPU.Build.0 = Release|Any CPU
		{0D0A7309-528B-4871-B116-99BEC27B3F78}.Debug|iPhoneSimulator.ActiveCfg = Debug|Any CPU
		{0D0A7309-528B-4871-B116-99BEC27B3F78}.Debug|iPhoneSimulator.Build.0 = Debug|Any CPU
		{0D0A7309-528B-4871-B116-99BEC27B3F78}.Release|iPhoneSimulator.ActiveCfg = Release|Any CPU
		{0D0A7309-528B-4871-B116-99BEC27B3F78}.Release|iPhoneSimulator.Build.0 = Release|Any CPU
		{0D0A7309-528B-4871-B116-99BEC27B3F78}.Debug|iPhone.ActiveCfg = Debug|Any CPU
		{0D0A7309-528B-4871-B116-99BEC27B3F78}.Debug|iPhone.Build.0 = Debug|Any CPU
		{0D0A7309-528B-4871-B116-99BEC27B3F78}.Release|iPhone.ActiveCfg = Release|Any CPU
		{0D0A7309-528B-4871-B116-99BEC27B3F78}.Release|iPhone.Build.0 = Release|Any CPU
		{7B5DFA60-F256-4DD1-AE7A-F89186576A0D}.Debug|Any CPU.ActiveCfg = Debug|Any CPU
		{7B5DFA60-F256-4DD1-AE7A-F89186576A0D}.Debug|Any CPU.Build.0 = Debug|Any CPU
		{7B5DFA60-F256-4DD1-AE7A-F89186576A0D}.Release|Any CPU.ActiveCfg = Release|Any CPU
		{7B5DFA60-F256-4DD1-AE7A-F89186576A0D}.Release|Any CPU.Build.0 = Release|Any CPU
		{7B5DFA60-F256-4DD1-AE7A-F89186576A0D}.Debug|iPhoneSimulator.ActiveCfg = Debug|Any CPU
		{7B5DFA60-F256-4DD1-AE7A-F89186576A0D}.Debug|iPhoneSimulator.Build.0 = Debug|Any CPU
		{7B5DFA60-F256-4DD1-AE7A-F89186576A0D}.Release|iPhoneSimulator.ActiveCfg = Release|Any CPU
		{7B5DFA60-F256-4DD1-AE7A-F89186576A0D}.Release|iPhoneSimulator.Build.0 = Release|Any CPU
		{7B5DFA60-F256-4DD1-AE7A-F89186576A0D}.Debug|iPhone.ActiveCfg = Debug|Any CPU
		{7B5DFA60-F256-4DD1-AE7A-F89186576A0D}.Debug|iPhone.Build.0 = Debug|Any CPU
		{7B5DFA60-F256-4DD1-AE7A-F89186576A0D}.Release|iPhone.ActiveCfg = Release|Any CPU
		{7B5DFA60-F256-4DD1-AE7A-F89186576A0D}.Release|iPhone.Build.0 = Release|Any CPU
		{EED57BA5-3910-4754-8FE5-26F4CFB347DA}.Debug|Any CPU.ActiveCfg = Debug|iPhoneSimulator
		{EED57BA5-3910-4754-8FE5-26F4CFB347DA}.Debug|Any CPU.Build.0 = Debug|iPhoneSimulator
		{EED57BA5-3910-4754-8FE5-26F4CFB347DA}.Release|Any CPU.ActiveCfg = Release|iPhoneSimulator
		{EED57BA5-3910-4754-8FE5-26F4CFB347DA}.Release|Any CPU.Build.0 = Release|iPhoneSimulator
		{EED57BA5-3910-4754-8FE5-26F4CFB347DA}.Debug|iPhoneSimulator.ActiveCfg = Debug|iPhoneSimulator
		{EED57BA5-3910-4754-8FE5-26F4CFB347DA}.Debug|iPhoneSimulator.Build.0 = Debug|iPhoneSimulator
		{EED57BA5-3910-4754-8FE5-26F4CFB347DA}.Release|iPhoneSimulator.ActiveCfg = Release|iPhoneSimulator
		{EED57BA5-3910-4754-8FE5-26F4CFB347DA}.Release|iPhoneSimulator.Build.0 = Release|iPhoneSimulator
		{EED57BA5-3910-4754-8FE5-26F4CFB347DA}.Debug|iPhone.ActiveCfg = Debug|iPhone
		{EED57BA5-3910-4754-8FE5-26F4CFB347DA}.Debug|iPhone.Build.0 = Debug|iPhone
		{EED57BA5-3910-4754-8FE5-26F4CFB347DA}.Release|iPhone.ActiveCfg = Release|iPhone
		{EED57BA5-3910-4754-8FE5-26F4CFB347DA}.Release|iPhone.Build.0 = Release|iPhone
	EndGlobalSection
	GlobalSection(NestedProjects) = preSolution
		{7B5DFA60-F256-4DD1-AE7A-F89186576A0D} = {2AFACAAA-1B67-4953-A3E9-79597D4B64B3}
	EndGlobalSection
EndGlobal
